
Microsoft Visual Studio Solution File, Format Version 12.00
# Visual Studio Version 16
VisualStudioVersion = 16.0.31019.35
MinimumVisualStudioVersion = 10.0.40219.1
Project("{9A19103F-16F7-4668-BE54-9A1E7A4F7556}") = "AlCaponeJr_Gewinnspiel", "AlCaponeJr_Gewinnspiel.csproj", "{F164C2B1-87CF-422A-B899-8276EE91822C}"
EndProject
Global
	GlobalSection(SolutionConfigurationPlatforms) = preSolution
		Debug|Any CPU = Debug|Any CPU
		Release|Any CPU = Release|Any CPU
	EndGlobalSection
	GlobalSection(ProjectConfigurationPlatforms) = postSolution
		{F164C2B1-87CF-422A-B899-8276EE91822C}.Debug|Any CPU.ActiveCfg = Debug|Any CPU
		{F164C2B1-87CF-422A-B899-8276EE91822C}.Debug|Any CPU.Build.0 = Debug|Any CPU
		{F164C2B1-87CF-422A-B899-8276EE91822C}.Release|Any CPU.ActiveCfg = Release|Any CPU
		{F164C2B1-87CF-422A-B899-8276EE91822C}.Release|Any CPU.Build.0 = Release|Any CPU
	EndGlobalSection
	GlobalSection(SolutionProperties) = preSolution
		HideSolutionNode = FALSE
	EndGlobalSection
	GlobalSection(ExtensibilityGlobals) = postSolution
		SolutionGuid = {7CA874B8-E363-432A-BC33-ABD463FB15C8}
	EndGlobalSection
EndGlobal
